
Microsoft Visual Studio Solution File, Format Version 12.00
# Visual Studio 2013
VisualStudioVersion = 12.0.30723.0
MinimumVisualStudioVersion = 10.0.40219.1
Project("{FAE04EC0-301F-11D3-BF4B-00C04F79EFBC}") = "Core", "Core\Core.csproj", "{C764B765-B026-4547-8D02-2929BFF16956}"
EndProject
Project("{FAE04EC0-301F-11D3-BF4B-00C04F79EFBC}") = "Core.Facts", "Core.Facts\Core.Facts.csproj", "{8D8D37BC-D9F9-4539-A7DA-D780E0CCE731}"
EndProject
Project("{FAE04EC0-301F-11D3-BF4B-00C04F79EFBC}") = "Console", "Console\Console.csproj", "{DF3093FD-0083-4000-A340-52845833B6A0}"
EndProject
Global
	GlobalSection(SolutionConfigurationPlatforms) = preSolution
		Debug|Any CPU = Debug|Any CPU
		Release|Any CPU = Release|Any CPU
	EndGlobalSection
	GlobalSection(ProjectConfigurationPlatforms) = postSolution
		{C764B765-B026-4547-8D02-2929BFF16956}.Debug|Any CPU.ActiveCfg = Debug|Any CPU
		{C764B765-B026-4547-8D02-2929BFF16956}.Debug|Any CPU.Build.0 = Debug|Any CPU
		{C764B765-B026-4547-8D02-2929BFF16956}.Release|Any CPU.ActiveCfg = Release|Any CPU
		{C764B765-B026-4547-8D02-2929BFF16956}.Release|Any CPU.Build.0 = Release|Any CPU
		{8D8D37BC-D9F9-4539-A7DA-D780E0CCE731}.Debug|Any CPU.ActiveCfg = Debug|Any CPU
		{8D8D37BC-D9F9-4539-A7DA-D780E0CCE731}.Debug|Any CPU.Build.0 = Debug|Any CPU
		{8D8D37BC-D9F9-4539-A7DA-D780E0CCE731}.Release|Any CPU.ActiveCfg = Release|Any CPU
		{8D8D37BC-D9F9-4539-A7DA-D780E0CCE731}.Release|Any CPU.Build.0 = Release|Any CPU
		{DF3093FD-0083-4000-A340-52845833B6A0}.Debug|Any CPU.ActiveCfg = Debug|Any CPU
		{DF3093FD-0083-4000-A340-52845833B6A0}.Debug|Any CPU.Build.0 = Debug|Any CPU
		{DF3093FD-0083-4000-A340-52845833B6A0}.Release|Any CPU.ActiveCfg = Release|Any CPU
		{DF3093FD-0083-4000-A340-52845833B6A0}.Release|Any CPU.Build.0 = Release|Any CPU
	EndGlobalSection
	GlobalSection(SolutionProperties) = preSolution
		HideSolutionNode = FALSE
	EndGlobalSection
EndGlobal
